uuid: 1ae9ae61-f2ca-4751-b0bb-5626a6d5285f
langcode: de
status: true
dependencies:
  config:
    - core.entity_view_mode.taxonomy_term.links_block
    - field.field.taxonomy_term.content_management_systems.field_cms_logo
    - field.field.taxonomy_term.content_management_systems.field_contrast_color
    - field.field.taxonomy_term.content_management_systems.field_lead_color
    - field.field.taxonomy_term.content_management_systems.field_logo_inverted
    - field.field.taxonomy_term.content_management_systems.field_machine_name
    - field.field.taxonomy_term.content_management_systems.field_noderef_cms
    - field.field.taxonomy_term.content_management_systems.field_status
    - field.field.taxonomy_term.content_management_systems.field_text_color
    - field.field.taxonomy_term.content_management_systems.field_title_html
    - image.style.cmsg_logo
    - taxonomy.vocabulary.content_management_systems
  module:
    - layout_builder
    - svg_image
third_party_settings:
  layout_builder:
    allow_custom: false
    enabled: false
id: taxonomy_term.content_management_systems.links_block
targetEntityType: taxonomy_term
bundle: content_management_systems
mode: links_block
content:
  field_logo_inverted:
    weight: 0
    label: hidden
    settings:
      image_style: cmsg_logo
      image_link: ''
      svg_render_as_image: '1'
      svg_attributes:
        width: '200'
        height: '150'
    third_party_settings: {  }
    type: image
    region: content
  field_noderef_cms:
    type: entity_reference_entity_view
    weight: 1
    region: content
    label: hidden
    settings:
      view_mode: links_block
      link: false
    third_party_settings: {  }
hidden:
  description: true
  field_cms_logo: true
  field_contrast_color: true
  field_lead_color: true
  field_machine_name: true
  field_status: true
  field_text_color: true
  field_title_html: true
  langcode: true
