uuid: c7920e6f-8b34-4387-881e-54713d100169
langcode: en
status: true
dependencies:
  config:
    - paragraphs.paragraphs_type.views_block
  module:
    - content_translation
third_party_settings:
  content_translation:
    enabled: false
    bundle_settings:
      untranslatable_fields_hide: '0'
id: paragraph.views_block
target_entity_type_id: paragraph
target_bundle: views_block
default_langcode: site_default
language_alterable: false
