uuid: a1e90e48-c761-492f-8634-3883559d1cf5
langcode: en
status: true
dependencies:
  module:
    - paragraphs_collection
id: views_block
label: 'Views block'
icon_uuid: null
description: 'Add a preconfigured views block in the content flow.'
behavior_plugins:
  grid_layout:
    paragraph_reference_field: ''
    available_grid_layouts: {  }
  lockable: {  }
  style:
    groups: {  }
  language: {  }
